{
    "name": "go-walk-app",
    "version": "1.0.0",
    "lockfileVersion": 1,
    "requires": true,
    "dependencies": {
        "@esbuild/aix-ppc64": {
            "version": "0.25.2",
            "resolved": "https://registry.npmjs.org/@esbuild/aix-ppc64/-/aix-ppc64-0.25.2.tgz",
            "integrity": "sha512-wCIboOL2yXZym2cgm6mlA742s9QeJ8DjGVaL39dLN4rRwrOgOyYSnOaFPhKZGLb2ngj4EyfAFjsNJwPXZvseag==",
            "dev": true,
            "optional": true
        },
        "@esbuild/android-arm": {
            "version": "0.25.2",
            "resolved": "https://registry.npmjs.org/@esbuild/android-arm/-/android-arm-0.25.2.tgz",
            "integrity": "sha512-NQhH7jFstVY5x8CKbcfa166GoV0EFkaPkCKBQkdPJFvo5u+nGXLEH/ooniLb3QI8Fk58YAx7nsPLozUWfCBOJA==",
            "dev": true,
            "optional": true
        },
        "@esbuild/android-arm64": {
            "version": "0.25.2",
            "resolved": "https://registry.npmjs.org/@esbuild/android-arm64/-/android-arm64-0.25.2.tgz",
            "integrity": "sha512-5ZAX5xOmTligeBaeNEPnPaeEuah53Id2tX4c2CVP3JaROTH+j4fnfHCkr1PjXMd78hMst+TlkfKcW/DlTq0i4w==",
            "dev": true,
            "optional": true
        },
        "@esbuild/android-x64": {
            "version": "0.25.2",
            "resolved": "https://registry.npmjs.org/@esbuild/android-x64/-/android-x64-0.25.2.tgz",
            "integrity": "sha512-Ffcx+nnma8Sge4jzddPHCZVRvIfQ0kMsUsCMcJRHkGJ1cDmhe4SsrYIjLUKn1xpHZybmOqCWwB0zQvsjdEHtkg==",
            "dev": true,
            "optional": true
        },
        "@esbuild/darwin-arm64": {
            "version": "0.25.2",
            "resolved": "https://registry.npmjs.org/@esbuild/darwin-arm64/-/darwin-arm64-0.25.2.tgz",
            "integrity": "sha512-MpM6LUVTXAzOvN4KbjzU/q5smzryuoNjlriAIx+06RpecwCkL9JpenNzpKd2YMzLJFOdPqBpuub6eVRP5IgiSA==",
            "dev": true,
            "optional": true
        },
        "@esbuild/darwin-x64": {
            "version": "0.25.2",
            "resolved": "https://registry.npmjs.org/@esbuild/darwin-x64/-/darwin-x64-0.25.2.tgz",
            "integrity": "sha512-5eRPrTX7wFyuWe8FqEFPG2cU0+butQQVNcT4sVipqjLYQjjh8a8+vUTfgBKM88ObB85ahsnTwF7PSIt6PG+QkA==",
            "dev": true,
            "optional": true
        },
        "@esbuild/freebsd-arm64": {
            "version": "0.25.2",
            "resolved": "https://registry.npmjs.org/@esbuild/freebsd-arm64/-/freebsd-arm64-0.25.2.tgz",
            "integrity": "sha512-mLwm4vXKiQ2UTSX4+ImyiPdiHjiZhIaE9QvC7sw0tZ6HoNMjYAqQpGyui5VRIi5sGd+uWq940gdCbY3VLvsO1w==",
            "dev": true,
            "optional": true
        },
        "@esbuild/freebsd-x64": {
            "version": "0.25.2",
            "resolved": "https://registry.npmjs.org/@esbuild/freebsd-x64/-/freebsd-x64-0.25.2.tgz",
            "integrity": "sha512-6qyyn6TjayJSwGpm8J9QYYGQcRgc90nmfdUb0O7pp1s4lTY+9D0H9O02v5JqGApUyiHOtkz6+1hZNvNtEhbwRQ==",
            "dev": true,
            "optional": true
        },
        "@esbuild/linux-arm": {
            "version": "0.25.2",
            "resolved": "https://registry.npmjs.org/@esbuild/linux-arm/-/linux-arm-0.25.2.tgz",
            "integrity": "sha512-UHBRgJcmjJv5oeQF8EpTRZs/1knq6loLxTsjc3nxO9eXAPDLcWW55flrMVc97qFPbmZP31ta1AZVUKQzKTzb0g==",
            "dev": true,
            "optional": true
        },
        "@esbuild/linux-arm64": {
            "version": "0.25.2",
            "resolved": "https://registry.npmjs.org/@esbuild/linux-arm64/-/linux-arm64-0.25.2.tgz",
            "integrity": "sha512-gq/sjLsOyMT19I8obBISvhoYiZIAaGF8JpeXu1u8yPv8BE5HlWYobmlsfijFIZ9hIVGYkbdFhEqC0NvM4kNO0g==",
            "dev": true,
            "optional": true
        },
        "@esbuild/linux-ia32": {
            "version": "0.25.2",
            "resolved": "https://registry.npmjs.org/@esbuild/linux-ia32/-/linux-ia32-0.25.2.tgz",
            "integrity": "sha512-bBYCv9obgW2cBP+2ZWfjYTU+f5cxRoGGQ5SeDbYdFCAZpYWrfjjfYwvUpP8MlKbP0nwZ5gyOU/0aUzZ5HWPuvQ==",
            "dev": true,
            "optional": true
        },
        "@esbuild/linux-loong64": {
            "version": "0.25.2",
            "resolved": "https://registry.npmjs.org/@esbuild/linux-loong64/-/linux-loong64-0.25.2.tgz",
            "integrity": "sha512-SHNGiKtvnU2dBlM5D8CXRFdd+6etgZ9dXfaPCeJtz+37PIUlixvlIhI23L5khKXs3DIzAn9V8v+qb1TRKrgT5w==",
            "dev": true,
            "optional": true
        },
        "@esbuild/linux-mips64el": {
            "version": "0.25.2",
            "resolved": "https://registry.npmjs.org/@esbuild/linux-mips64el/-/linux-mips64el-0.25.2.tgz",
            "integrity": "sha512-hDDRlzE6rPeoj+5fsADqdUZl1OzqDYow4TB4Y/3PlKBD0ph1e6uPHzIQcv2Z65u2K0kpeByIyAjCmjn1hJgG0Q==",
            "dev": true,
            "optional": true
        },
        "@esbuild/linux-ppc64": {
            "version": "0.25.2",
            "resolved": "https://registry.npmjs.org/@esbuild/linux-ppc64/-/linux-ppc64-0.25.2.tgz",
            "integrity": "sha512-tsHu2RRSWzipmUi9UBDEzc0nLc4HtpZEI5Ba+Omms5456x5WaNuiG3u7xh5AO6sipnJ9r4cRWQB2tUjPyIkc6g==",
            "dev": true,
            "optional": true
        },
        "@esbuild/linux-riscv64": {
            "version": "0.25.2",
            "resolved": "https://registry.npmjs.org/@esbuild/linux-riscv64/-/linux-riscv64-0.25.2.tgz",
            "integrity": "sha512-k4LtpgV7NJQOml/10uPU0s4SAXGnowi5qBSjaLWMojNCUICNu7TshqHLAEbkBdAszL5TabfvQ48kK84hyFzjnw==",
            "dev": true,
            "optional": true
        },
        "@esbuild/linux-s390x": {
            "version": "0.25.2",
            "resolved": "https://registry.npmjs.org/@esbuild/linux-s390x/-/linux-s390x-0.25.2.tgz",
            "integrity": "sha512-GRa4IshOdvKY7M/rDpRR3gkiTNp34M0eLTaC1a08gNrh4u488aPhuZOCpkF6+2wl3zAN7L7XIpOFBhnaE3/Q8Q==",
            "dev": true,
            "optional": true
        },
        "@esbuild/linux-x64": {
            "version": "0.25.2",
            "resolved": "https://registry.npmjs.org/@esbuild/linux-x64/-/linux-x64-0.25.2.tgz",
            "integrity": "sha512-QInHERlqpTTZ4FRB0fROQWXcYRD64lAoiegezDunLpalZMjcUcld3YzZmVJ2H/Cp0wJRZ8Xtjtj0cEHhYc/uUg==",
            "dev": true,
            "optional": true
        },
        "@esbuild/netbsd-arm64": {
            "version": "0.25.2",
            "resolved": "https://registry.npmjs.org/@esbuild/netbsd-arm64/-/netbsd-arm64-0.25.2.tgz",
            "integrity": "sha512-talAIBoY5M8vHc6EeI2WW9d/CkiO9MQJ0IOWX8hrLhxGbro/vBXJvaQXefW2cP0z0nQVTdQ/eNyGFV1GSKrxfw==",
            "dev": true,
            "optional": true
        },
        "@esbuild/netbsd-x64": {
            "version": "0.25.2",
            "resolved": "https://registry.npmjs.org/@esbuild/netbsd-x64/-/netbsd-x64-0.25.2.tgz",
            "integrity": "sha512-voZT9Z+tpOxrvfKFyfDYPc4DO4rk06qamv1a/fkuzHpiVBMOhpjK+vBmWM8J1eiB3OLSMFYNaOaBNLXGChf5tg==",
            "dev": true,
            "optional": true
        },
        "@esbuild/openbsd-arm64": {
            "version": "0.25.2",
            "resolved": "https://registry.npmjs.org/@esbuild/openbsd-arm64/-/openbsd-arm64-0.25.2.tgz",
            "integrity": "sha512-dcXYOC6NXOqcykeDlwId9kB6OkPUxOEqU+rkrYVqJbK2hagWOMrsTGsMr8+rW02M+d5Op5NNlgMmjzecaRf7Tg==",
            "dev": true,
            "optional": true
        },
        "@esbuild/openbsd-x64": {
            "version": "0.25.2",
            "resolved": "https://registry.npmjs.org/@esbuild/openbsd-x64/-/openbsd-x64-0.25.2.tgz",
            "integrity": "sha512-t/TkWwahkH0Tsgoq1Ju7QfgGhArkGLkF1uYz8nQS/PPFlXbP5YgRpqQR3ARRiC2iXoLTWFxc6DJMSK10dVXluw==",
            "dev": true,
            "optional": true
        },
        "@esbuild/sunos-x64": {
            "version": "0.25.2",
            "resolved": "https://registry.npmjs.org/@esbuild/sunos-x64/-/sunos-x64-0.25.2.tgz",
            "integrity": "sha512-cfZH1co2+imVdWCjd+D1gf9NjkchVhhdpgb1q5y6Hcv9TP6Zi9ZG/beI3ig8TvwT9lH9dlxLq5MQBBgwuj4xvA==",
            "dev": true,
            "optional": true
        },
        "@esbuild/win32-arm64": {
            "version": "0.25.2",
            "resolved": "https://registry.npmjs.org/@esbuild/win32-arm64/-/win32-arm64-0.25.2.tgz",
            "integrity": "sha512-7Loyjh+D/Nx/sOTzV8vfbB3GJuHdOQyrOryFdZvPHLf42Tk9ivBU5Aedi7iyX+x6rbn2Mh68T4qq1SDqJBQO5Q==",
            "dev": true,
            "optional": true
        },
        "@esbuild/win32-ia32": {
            "version": "0.25.2",
            "resolved": "https://registry.npmjs.org/@esbuild/win32-ia32/-/win32-ia32-0.25.2.tgz",
            "integrity": "sha512-WRJgsz9un0nqZJ4MfhabxaD9Ft8KioqU3JMinOTvobbX6MOSUigSBlogP8QB3uxpJDsFS6yN+3FDBdqE5lg9kg==",
            "dev": true,
            "optional": true
        },
        "@esbuild/win32-x64": {
            "version": "0.25.2",
            "resolved": "https://registry.npmjs.org/@esbuild/win32-x64/-/win32-x64-0.25.2.tgz",
            "integrity": "sha512-kM3HKb16VIXZyIeVrM1ygYmZBKybX8N4p754bw390wGO3Tf2j4L2/WYL+4suWujpgf6GBYs3jv7TyUivdd05JA==",
            "dev": true,
            "optional": true
        },
        "@mapbox/jsonlint-lines-primitives": {
            "version": "2.0.2",
            "resolved": "https://registry.npmjs.org/@mapbox/jsonlint-lines-primitives/-/jsonlint-lines-primitives-2.0.2.tgz",
            "integrity": "sha512-rY0o9A5ECsTQRVhv7tL/OyDpGAoUB4tTvLiW1DSzQGq4bvTPhNw1VpSNjDJc5GFZ2XuyOtSWSVN05qOtcD71qQ=="
        },
        "@mapbox/mapbox-gl-supported": {
            "version": "3.0.0",
            "resolved": "https://registry.npmjs.org/@mapbox/mapbox-gl-supported/-/mapbox-gl-supported-3.0.0.tgz",
            "integrity": "sha512-2XghOwu16ZwPJLOFVuIOaLbN0iKMn867evzXFyf0P22dqugezfJwLmdanAgU25ITvz1TvOfVP4jsDImlDJzcWg=="
        },
        "@mapbox/point-geometry": {
            "version": "0.1.0",
            "resolved": "https://registry.npmjs.org/@mapbox/point-geometry/-/point-geometry-0.1.0.tgz",
            "integrity": "sha512-6j56HdLTwWGO0fJPlrZtdU/B13q8Uwmo18Ck2GnGgN9PCFyKTZ3UbXeEdRFh18i9XQ92eH2VdtpJHpBD3aripQ=="
        },
        "@mapbox/tiny-sdf": {
            "version": "2.0.6",
            "resolved": "https://registry.npmjs.org/@mapbox/tiny-sdf/-/tiny-sdf-2.0.6.tgz",
            "integrity": "sha512-qMqa27TLw+ZQz5Jk+RcwZGH7BQf5G/TrutJhspsca/3SHwmgKQ1iq+d3Jxz5oysPVYTGP6aXxCo5Lk9Er6YBAA=="
        },
        "@mapbox/unitbezier": {
            "version": "0.0.1",
            "resolved": "https://registry.npmjs.org/@mapbox/unitbezier/-/unitbezier-0.0.1.tgz",
            "integrity": "sha512-nMkuDXFv60aBr9soUG5q+GvZYL+2KZHVvsqFCzqnkGEf46U2fvmytHaEVc1/YZbiLn8X+eR3QzX1+dwDO1lxlw=="
        },
        "@mapbox/vector-tile": {
            "version": "1.3.1",
            "resolved": "https://registry.npmjs.org/@mapbox/vector-tile/-/vector-tile-1.3.1.tgz",
            "integrity": "sha512-MCEddb8u44/xfQ3oD+Srl/tNcQoqTw3goGk2oLsrFxOTc3dUp+kAnby3PvAeeBYSMSjSPD1nd1AJA6W49WnoUw==",
            "requires": {
                "@mapbox/point-geometry": "~0.1.0"
            }
        },
        "@mapbox/whoots-js": {
            "version": "3.1.0",
            "resolved": "https://registry.npmjs.org/@mapbox/whoots-js/-/whoots-js-3.1.0.tgz",
            "integrity": "sha512-Es6WcD0nO5l+2BOQS4uLfNPYQaNDfbot3X1XUoloz+x0mPDS3eeORZJl06HXjwBG1fOGwCRnzK88LMdxKRrd6Q=="
        },
        "@types/geojson": {
            "version": "7946.0.16",
            "resolved": "https://registry.npmjs.org/@types/geojson/-/geojson-7946.0.16.tgz",
            "integrity": "sha512-6C8nqWur3j98U6+lXDfTUWIfgvZU+EumvpHKcYjujKH7woYyLj2sUmff0tRhrqM7BohUw7Pz3ZB1jj2gW9Fvmg=="
        },
        "@types/geojson-vt": {
            "version": "3.2.5",
            "resolved": "https://registry.npmjs.org/@types/geojson-vt/-/geojson-vt-3.2.5.tgz",
            "integrity": "sha512-qDO7wqtprzlpe8FfQ//ClPV9xiuoh2nkIgiouIptON9w5jvD/fA4szvP9GBlDVdJ5dldAl0kX/sy3URbWwLx0g==",
            "requires": {
                "@types/geojson": "*"
            }
        },
        "@types/mapbox-gl": {
            "version": "3.4.1",
            "resolved": "https://registry.npmjs.org/@types/mapbox-gl/-/mapbox-gl-3.4.1.tgz",
            "integrity": "sha512-NsGKKtgW93B+UaLPti6B7NwlxYlES5DpV5Gzj9F75rK5ALKsqSk15CiEHbOnTr09RGbr6ZYiCdI+59NNNcAImg==",
            "dev": true,
            "requires": {
                "@types/geojson": "*"
            }
        },
        "@types/mapbox__point-geometry": {
            "version": "0.1.4",
            "resolved": "https://registry.npmjs.org/@types/mapbox__point-geometry/-/mapbox__point-geometry-0.1.4.tgz",
            "integrity": "sha512-mUWlSxAmYLfwnRBmgYV86tgYmMIICX4kza8YnE/eIlywGe2XoOxlpVnXWwir92xRLjwyarqwpu2EJKD2pk0IUA=="
        },
        "@types/mapbox__vector-tile": {
            "version": "1.3.4",
            "resolved": "https://registry.npmjs.org/@types/mapbox__vector-tile/-/mapbox__vector-tile-1.3.4.tgz",
            "integrity": "sha512-bpd8dRn9pr6xKvuEBQup8pwQfD4VUyqO/2deGjfpe6AwC8YRlyEipvefyRJUSiCJTZuCb8Pl1ciVV5ekqJ96Bg==",
            "requires": {
                "@types/geojson": "*",
                "@types/mapbox__point-geometry": "*",
                "@types/pbf": "*"
            }
        },
        "@types/node": {
            "version": "22.14.1",
            "resolved": "https://registry.npmjs.org/@types/node/-/node-22.14.1.tgz",
            "integrity": "sha512-u0HuPQwe/dHrItgHHpmw3N2fYCR6x4ivMNbPHRkBVP4CvN+kiRrKHWk3i8tXiO/joPwXLMYvF9TTF0eqgHIuOw==",
            "dev": true,
            "requires": {
                "undici-types": "~6.21.0"
            }
        },
        "@types/pbf": {
            "version": "3.0.5",
            "resolved": "https://registry.npmjs.org/@types/pbf/-/pbf-3.0.5.tgz",
            "integrity": "sha512-j3pOPiEcWZ34R6a6mN07mUkM4o4Lwf6hPNt8eilOeZhTFbxFXmKhvXl9Y28jotFPaI1bpPDJsbCprUoNke6OrA=="
        },
        "@types/supercluster": {
            "version": "7.1.3",
            "resolved": "https://registry.npmjs.org/@types/supercluster/-/supercluster-7.1.3.tgz",
            "integrity": "sha512-Z0pOY34GDFl3Q6hUFYf3HkTwKEE02e7QgtJppBt+beEAxnyOpJua+voGFvxINBHa06GwLFFym7gRPY2SiKIfIA==",
            "requires": {
                "@types/geojson": "*"
            }
        },
        "cheap-ruler": {
            "version": "4.0.0",
            "resolved": "https://registry.npmjs.org/cheap-ruler/-/cheap-ruler-4.0.0.tgz",
            "integrity": "sha512-0BJa8f4t141BYKQyn9NSQt1PguFQXMXwZiA5shfoaBYHAb2fFk2RAX+tiWMoQU+Agtzt3mdt0JtuyshAXqZ+Vw=="
        },
        "csscolorparser": {
            "version": "1.0.3",
            "resolved": "https://registry.npmjs.org/csscolorparser/-/csscolorparser-1.0.3.tgz",
            "integrity": "sha512-umPSgYwZkdFoUrH5hIq5kf0wPSXiro51nPw0j2K/c83KflkPSTBGMz6NJvMB+07VlL0y7VPo6QJcDjcgKTTm3w=="
        },
        "dotenv": {
            "version": "16.5.0",
            "resolved": "https://registry.npmjs.org/dotenv/-/dotenv-16.5.0.tgz",
            "integrity": "sha512-m/C+AwOAr9/W1UOIZUo232ejMNnJAJtYQjUbHoNTBNTJSvqzzDh7vnrei3o3r3m9blf6ZoDkvcw0VmozNRFJxg==",
            "dev": true
        },
        "earcut": {
            "version": "3.0.1",
            "resolved": "https://registry.npmjs.org/earcut/-/earcut-3.0.1.tgz",
            "integrity": "sha512-0l1/0gOjESMeQyYaK5IDiPNvFeu93Z/cO0TjZh9eZ1vyCtZnA7KMZ8rQggpsJHIbGSdrqYq9OhuveadOVHCshw=="
        },
        "esbuild": {
            "version": "0.25.2",
            "resolved": "https://registry.npmjs.org/esbuild/-/esbuild-0.25.2.tgz",
            "integrity": "sha512-16854zccKPnC+toMywC+uKNeYSv+/eXkevRAfwRD/G9Cleq66m8XFIrigkbvauLLlCfDL45Q2cWegSg53gGBnQ==",
            "dev": true,
            "requires": {
                "@esbuild/aix-ppc64": "0.25.2",
                "@esbuild/android-arm": "0.25.2",
                "@esbuild/android-arm64": "0.25.2",
                "@esbuild/android-x64": "0.25.2",
                "@esbuild/darwin-arm64": "0.25.2",
                "@esbuild/darwin-x64": "0.25.2",
                "@esbuild/freebsd-arm64": "0.25.2",
                "@esbuild/freebsd-x64": "0.25.2",
                "@esbuild/linux-arm": "0.25.2",
                "@esbuild/linux-arm64": "0.25.2",
                "@esbuild/linux-ia32": "0.25.2",
                "@esbuild/linux-loong64": "0.25.2",
                "@esbuild/linux-mips64el": "0.25.2",
                "@esbuild/linux-ppc64": "0.25.2",
                "@esbuild/linux-riscv64": "0.25.2",
                "@esbuild/linux-s390x": "0.25.2",
                "@esbuild/linux-x64": "0.25.2",
                "@esbuild/netbsd-arm64": "0.25.2",
                "@esbuild/netbsd-x64": "0.25.2",
                "@esbuild/openbsd-arm64": "0.25.2",
                "@esbuild/openbsd-x64": "0.25.2",
                "@esbuild/sunos-x64": "0.25.2",
                "@esbuild/win32-arm64": "0.25.2",
                "@esbuild/win32-ia32": "0.25.2",
                "@esbuild/win32-x64": "0.25.2"
            }
        },
        "geojson-vt": {
            "version": "4.0.2",
            "resolved": "https://registry.npmjs.org/geojson-vt/-/geojson-vt-4.0.2.tgz",
            "integrity": "sha512-AV9ROqlNqoZEIJGfm1ncNjEXfkz2hdFlZf0qkVfmkwdKa8vj7H16YUOT81rJw1rdFhyEDlN2Tds91p/glzbl5A=="
        },
        "gl-matrix": {
            "version": "3.4.3",
            "resolved": "https://registry.npmjs.org/gl-matrix/-/gl-matrix-3.4.3.tgz",
            "integrity": "sha512-wcCp8vu8FT22BnvKVPjXa/ICBWRq/zjFfdofZy1WSpQZpphblv12/bOQLBC1rMM7SGOFS9ltVmKOHil5+Ml7gA=="
        },
        "grid-index": {
            "version": "1.1.0",
            "resolved": "https://registry.npmjs.org/grid-index/-/grid-index-1.1.0.tgz",
            "integrity": "sha512-HZRwumpOGUrHyxO5bqKZL0B0GlUpwtCAzZ42sgxUPniu33R1LSFH5yrIcBCHjkctCAh3mtWKcKd9J4vDDdeVHA=="
        },
        "ieee754": {
            "version": "1.2.1",
            "resolved": "https://registry.npmjs.org/ieee754/-/ieee754-1.2.1.tgz",
            "integrity": "sha512-dcyqhDvX1C46lXZcVqCpK+FtMRQVdIMN6/Df5js2zouUsqG7I6sFxitIC+7KYK29KdXOLHdu9zL4sFnoVQnqaA=="
        },
        "kdbush": {
            "version": "4.0.2",
            "resolved": "https://registry.npmjs.org/kdbush/-/kdbush-4.0.2.tgz",
            "integrity": "sha512-WbCVYJ27Sz8zi9Q7Q0xHC+05iwkm3Znipc2XTlrnJbsHMYktW4hPhXUE8Ys1engBrvffoSCqbil1JQAa7clRpA=="
        },
        "mapbox-gl": {
            "version": "3.11.0",
            "resolved": "https://registry.npmjs.org/mapbox-gl/-/mapbox-gl-3.11.0.tgz",
            "integrity": "sha512-0bJoYMgwn/z0RSJH7j/kYq3xlTX8Vt4dBkWAKJFneB49PAiq+rAAZRAeUhMxCr8PoGLRaDBagF3fTsA/WK6Q4A==",
            "requires": {
                "@mapbox/jsonlint-lines-primitives": "^2.0.2",
                "@mapbox/mapbox-gl-supported": "^3.0.0",
                "@mapbox/point-geometry": "^0.1.0",
                "@mapbox/tiny-sdf": "^2.0.6",
                "@mapbox/unitbezier": "^0.0.1",
                "@mapbox/vector-tile": "^1.3.1",
                "@mapbox/whoots-js": "^3.1.0",
                "@types/geojson": "^7946.0.16",
                "@types/geojson-vt": "^3.2.5",
                "@types/mapbox__point-geometry": "^0.1.4",
                "@types/mapbox__vector-tile": "^1.3.4",
                "@types/pbf": "^3.0.5",
                "@types/supercluster": "^7.1.3",
                "cheap-ruler": "^4.0.0",
                "csscolorparser": "~1.0.3",
                "earcut": "^3.0.0",
                "geojson-vt": "^4.0.2",
                "gl-matrix": "^3.4.3",
                "grid-index": "^1.1.0",
                "kdbush": "^4.0.2",
                "murmurhash-js": "^1.0.0",
                "pbf": "^3.2.1",
                "potpack": "^2.0.0",
                "quickselect": "^3.0.0",
                "serialize-to-js": "^3.1.2",
                "supercluster": "^8.0.1",
                "tinyqueue": "^3.0.0",
                "vt-pbf": "^3.1.3"
            }
        },
        "murmurhash-js": {
            "version": "1.0.0",
            "resolved": "https://registry.npmjs.org/murmurhash-js/-/murmurhash-js-1.0.0.tgz",
            "integrity": "sha512-TvmkNhkv8yct0SVBSy+o8wYzXjE4Zz3PCesbfs8HiCXXdcTuocApFv11UWlNFWKYsP2okqrhb7JNlSm9InBhIw=="
        },
        "pbf": {
            "version": "3.3.0",
            "resolved": "https://registry.npmjs.org/pbf/-/pbf-3.3.0.tgz",
            "integrity": "sha512-XDF38WCH3z5OV/OVa8GKUNtLAyneuzbCisx7QUCF8Q6Nutx0WnJrQe5O+kOtBlLfRNUws98Y58Lblp+NJG5T4Q==",
            "requires": {
                "ieee754": "^1.1.12",
                "resolve-protobuf-schema": "^2.1.0"
            }
        },
        "potpack": {
            "version": "2.0.0",
            "resolved": "https://registry.npmjs.org/potpack/-/potpack-2.0.0.tgz",
            "integrity": "sha512-Q+/tYsFU9r7xoOJ+y/ZTtdVQwTWfzjbiXBDMM/JKUux3+QPP02iUuIoeBQ+Ot6oEDlC+/PGjB/5A3K7KKb7hcw=="
        },
        "protocol-buffers-schema": {
            "version": "3.6.0",
            "resolved": "https://registry.npmjs.org/protocol-buffers-schema/-/protocol-buffers-schema-3.6.0.tgz",
            "integrity": "sha512-TdDRD+/QNdrCGCE7v8340QyuXd4kIWIgapsE2+n/SaGiSSbomYl4TjHlvIoCWRpE7wFt02EpB35VVA2ImcBVqw=="
        },
        "quickselect": {
            "version": "3.0.0",
            "resolved": "https://registry.npmjs.org/quickselect/-/quickselect-3.0.0.tgz",
            "integrity": "sha512-XdjUArbK4Bm5fLLvlm5KpTFOiOThgfWWI4axAZDWg4E/0mKdZyI9tNEfds27qCi1ze/vwTR16kvmmGhRra3c2g=="
        },
        "resolve-protobuf-schema": {
            "version": "2.1.0",
            "resolved": "https://registry.npmjs.org/resolve-protobuf-schema/-/resolve-protobuf-schema-2.1.0.tgz",
            "integrity": "sha512-kI5ffTiZWmJaS/huM8wZfEMer1eRd7oJQhDuxeCLe3t7N7mX3z94CN0xPxBQxFYQTSNz9T0i+v6inKqSdK8xrQ==",
            "requires": {
                "protocol-buffers-schema": "^3.3.1"
            }
        },
        "serialize-to-js": {
            "version": "3.1.2",
            "resolved": "https://registry.npmjs.org/serialize-to-js/-/serialize-to-js-3.1.2.tgz",
            "integrity": "sha512-owllqNuDDEimQat7EPG0tH7JjO090xKNzUtYz6X+Sk2BXDnOCilDdNLwjWeFywG9xkJul1ULvtUQa9O4pUaY0w=="
        },
        "supercluster": {
            "version": "8.0.1",
            "resolved": "https://registry.npmjs.org/supercluster/-/supercluster-8.0.1.tgz",
            "integrity": "sha512-IiOea5kJ9iqzD2t7QJq/cREyLHTtSmUT6gQsweojg9WH2sYJqZK9SswTu6jrscO6D1G5v5vYZ9ru/eq85lXeZQ==",
            "requires": {
                "kdbush": "^4.0.2"
            }
        },
        "tinyqueue": {
            "version": "3.0.0",
            "resolved": "https://registry.npmjs.org/tinyqueue/-/tinyqueue-3.0.0.tgz",
            "integrity": "sha512-gRa9gwYU3ECmQYv3lslts5hxuIa90veaEcxDYuu3QGOIAEM2mOZkVHp48ANJuu1CURtRdHKUBY5Lm1tHV+sD4g=="
        },
        "typescript": {
            "version": "5.8.3",
            "resolved": "https://registry.npmjs.org/typescript/-/typescript-5.8.3.tgz",
            "integrity": "sha512-p1diW6TqL9L07nNxvRMM7hMMw4c5XOo/1ibL4aAIGmSAt9slTE1Xgw5KWuof2uTOvCg9BY7ZRi+GaF+7sfgPeQ==",
            "dev": true
        },
        "undici-types": {
            "version": "6.21.0",
            "resolved": "https://registry.npmjs.org/undici-types/-/undici-types-6.21.0.tgz",
            "integrity": "sha512-iwDZqg0QAGrg9Rav5H4n0M64c3mkR59cJ6wQp+7C4nI0gsmExaedaYLNO44eT4AtBBwjbTiGPMlt2Md0T9H9JQ==",
            "dev": true
        },
        "vt-pbf": {
            "version": "3.1.3",
            "resolved": "https://registry.npmjs.org/vt-pbf/-/vt-pbf-3.1.3.tgz",
            "integrity": "sha512-2LzDFzt0mZKZ9IpVF2r69G9bXaP2Q2sArJCmcCgvfTdCCZzSyz4aCLoQyUilu37Ll56tCblIZrXFIjNUpGIlmA==",
            "requires": {
                "@mapbox/point-geometry": "0.1.0",
                "@mapbox/vector-tile": "^1.3.1",
                "pbf": "^3.2.1"
            }
        }
    }
}
